
Microsoft Visual Studio Solution File, Format Version 12.00
# Visual Studio 14
VisualStudioVersion = 14.0.25420.1
MinimumVisualStudioVersion = 10.0.40219.1
Project("{2150E333-8FDC-42A3-9474-1A3956D46DE8}") = "Repository", "Repository", "{0CF0BB87-3890-4A93-98EC-CB7FCC9DBD3F}"
EndProject
Project("{2150E333-8FDC-42A3-9474-1A3956D46DE8}") = "Service", "Service", "{405BC70A-603A-4713-98DC-FB74FD7C4192}"
EndProject
Project("{2150E333-8FDC-42A3-9474-1A3956D46DE8}") = "Model", "Model", "{7A503B1F-5613-4DCA-858F-B560A30D74DB}"
EndProject
Project("{FAE04EC0-301F-11D3-BF4B-00C04F79EFBC}") = "MFP.Repository.BGSystem", "MFP.Repository.BGSystem\MFP.Repository.BGSystem.csproj", "{A56415B8-9C31-48EE-9BD5-FE73D6D42319}"
EndProject
Project("{FAE04EC0-301F-11D3-BF4B-00C04F79EFBC}") = "MFP.WebUI", "MFP.WebUI\MFP.WebUI.csproj", "{CA7D011A-6565-4470-9ADD-CE816E4FDF2B}"
EndProject
Project("{FAE04EC0-301F-11D3-BF4B-00C04F79EFBC}") = "MFP.Model.BGSystem", "MFP.Model.BGSystem\MFP.Model.BGSystem.csproj", "{8145996E-9C4D-4A8C-8207-D3B4E7FF6D6B}"
EndProject
Project("{FAE04EC0-301F-11D3-BF4B-00C04F79EFBC}") = "MFP.Repository.Entities", "MFP.Repository.DBA\MFP.Repository.Entities.csproj", "{72FF5ECC-A90F-4CD4-A9EF-A6B7A4A90625}"
EndProject
Project("{FAE04EC0-301F-11D3-BF4B-00C04F79EFBC}") = "MFP.Service.BGSystem", "MFP.Service.BGSystem\MFP.Service.BGSystem.csproj", "{BEF03E76-89D3-4428-8FDD-EE55C45E9640}"
EndProject
Project("{FAE04EC0-301F-11D3-BF4B-00C04F79EFBC}") = "MFP.Maper", "MFP.Maper\MFP.Maper.csproj", "{9758DEF4-F462-43BC-8E0E-2403E0AC05D6}"
EndProject
Project("{2150E333-8FDC-42A3-9474-1A3956D46DE8}") = "Infrastructure", "Infrastructure", "{CD8ECF06-E240-4668-8E0F-4CF88E7B7ED9}"
EndProject
Project("{FAE04EC0-301F-11D3-BF4B-00C04F79EFBC}") = "MFP.CommonModel", "MFP.CommonModel\MFP.CommonModel.csproj", "{F3D330D1-696B-495A-A308-CE5BCA1E022E}"
EndProject
Project("{FAE04EC0-301F-11D3-BF4B-00C04F79EFBC}") = "MFP.MvcExtension", "MFP.MvcExtension\MFP.MvcExtension.csproj", "{EE8C5DB1-9A10-48AD-A9B4-FC9C452CD8AF}"
EndProject
Project("{FAE04EC0-301F-11D3-BF4B-00C04F79EFBC}") = "Test", "Test\Test.csproj", "{7E195D78-C4E5-4DF9-B7E2-8FB185194745}"
EndProject
Project("{FAE04EC0-301F-11D3-BF4B-00C04F79EFBC}") = "ConsoleTest", "ConsoleTest\ConsoleTest.csproj", "{ED0EBDF0-1E86-4AF0-A864-5D707B5636DA}"
EndProject
Project("{FAE04EC0-301F-11D3-BF4B-00C04F79EFBC}") = "MFP.Model.Identity", "MFP.Model.Authentication\MFP.Model.Identity.csproj", "{219D2ADF-CB1E-47C4-A42E-6BA467252F32}"
EndProject
Project("{FAE04EC0-301F-11D3-BF4B-00C04F79EFBC}") = "MFP.Service.Identity", "MFP.Service.Identity\MFP.Service.Identity.csproj", "{001F9D7D-AE5D-4334-BACF-86309274EE52}"
EndProject
Project("{FAE04EC0-301F-11D3-BF4B-00C04F79EFBC}") = "MFP.Repository.Identity", "MFP.Repository.Identity\MFP.Repository.Identity.csproj", "{A6E52123-0333-4F1C-B1EE-1D8F3CD7A414}"
EndProject
Global
	GlobalSection(SolutionConfigurationPlatforms) = preSolution
		Debug|Any CPU = Debug|Any CPU
		DebugNet40|Any CPU = DebugNet40|Any CPU
		Release|Any CPU = Release|Any CPU
		ReleaseNet40|Any CPU = ReleaseNet40|Any CPU
	EndGlobalSection
	GlobalSection(ProjectConfigurationPlatforms) = postSolution
		{A56415B8-9C31-48EE-9BD5-FE73D6D42319}.Debug|Any CPU.ActiveCfg = Debug|Any CPU
		{A56415B8-9C31-48EE-9BD5-FE73D6D42319}.Debug|Any CPU.Build.0 = Debug|Any CPU
		{A56415B8-9C31-48EE-9BD5-FE73D6D42319}.DebugNet40|Any CPU.ActiveCfg = Debug|Any CPU
		{A56415B8-9C31-48EE-9BD5-FE73D6D42319}.DebugNet40|Any CPU.Build.0 = Debug|Any CPU
		{A56415B8-9C31-48EE-9BD5-FE73D6D42319}.Release|Any CPU.ActiveCfg = Release|Any CPU
		{A56415B8-9C31-48EE-9BD5-FE73D6D42319}.Release|Any CPU.Build.0 = Release|Any CPU
		{A56415B8-9C31-48EE-9BD5-FE73D6D42319}.ReleaseNet40|Any CPU.ActiveCfg = Release|Any CPU
		{A56415B8-9C31-48EE-9BD5-FE73D6D42319}.ReleaseNet40|Any CPU.Build.0 = Release|Any CPU
		{CA7D011A-6565-4470-9ADD-CE816E4FDF2B}.Debug|Any CPU.ActiveCfg = Debug|Any CPU
		{CA7D011A-6565-4470-9ADD-CE816E4FDF2B}.Debug|Any CPU.Build.0 = Debug|Any CPU
		{CA7D011A-6565-4470-9ADD-CE816E4FDF2B}.DebugNet40|Any CPU.ActiveCfg = Debug|Any CPU
		{CA7D011A-6565-4470-9ADD-CE816E4FDF2B}.DebugNet40|Any CPU.Build.0 = Debug|Any CPU
		{CA7D011A-6565-4470-9ADD-CE816E4FDF2B}.Release|Any CPU.ActiveCfg = Release|Any CPU
		{CA7D011A-6565-4470-9ADD-CE816E4FDF2B}.Release|Any CPU.Build.0 = Release|Any CPU
		{CA7D011A-6565-4470-9ADD-CE816E4FDF2B}.ReleaseNet40|Any CPU.ActiveCfg = Release|Any CPU
		{CA7D011A-6565-4470-9ADD-CE816E4FDF2B}.ReleaseNet40|Any CPU.Build.0 = Release|Any CPU
		{8145996E-9C4D-4A8C-8207-D3B4E7FF6D6B}.Debug|Any CPU.ActiveCfg = Debug|Any CPU
		{8145996E-9C4D-4A8C-8207-D3B4E7FF6D6B}.Debug|Any CPU.Build.0 = Debug|Any CPU
		{8145996E-9C4D-4A8C-8207-D3B4E7FF6D6B}.DebugNet40|Any CPU.ActiveCfg = Debug|Any CPU
		{8145996E-9C4D-4A8C-8207-D3B4E7FF6D6B}.DebugNet40|Any CPU.Build.0 = Debug|Any CPU
		{8145996E-9C4D-4A8C-8207-D3B4E7FF6D6B}.Release|Any CPU.ActiveCfg = Release|Any CPU
		{8145996E-9C4D-4A8C-8207-D3B4E7FF6D6B}.Release|Any CPU.Build.0 = Release|Any CPU
		{8145996E-9C4D-4A8C-8207-D3B4E7FF6D6B}.ReleaseNet40|Any CPU.ActiveCfg = Release|Any CPU
		{8145996E-9C4D-4A8C-8207-D3B4E7FF6D6B}.ReleaseNet40|Any CPU.Build.0 = Release|Any CPU
		{72FF5ECC-A90F-4CD4-A9EF-A6B7A4A90625}.Debug|Any CPU.ActiveCfg = Debug|Any CPU
		{72FF5ECC-A90F-4CD4-A9EF-A6B7A4A90625}.Debug|Any CPU.Build.0 = Debug|Any CPU
		{72FF5ECC-A90F-4CD4-A9EF-A6B7A4A90625}.DebugNet40|Any CPU.ActiveCfg = Debug|Any CPU
		{72FF5ECC-A90F-4CD4-A9EF-A6B7A4A90625}.DebugNet40|Any CPU.Build.0 = Debug|Any CPU
		{72FF5ECC-A90F-4CD4-A9EF-A6B7A4A90625}.Release|Any CPU.ActiveCfg = Release|Any CPU
		{72FF5ECC-A90F-4CD4-A9EF-A6B7A4A90625}.Release|Any CPU.Build.0 = Release|Any CPU
		{72FF5ECC-A90F-4CD4-A9EF-A6B7A4A90625}.ReleaseNet40|Any CPU.ActiveCfg = Release|Any CPU
		{72FF5ECC-A90F-4CD4-A9EF-A6B7A4A90625}.ReleaseNet40|Any CPU.Build.0 = Release|Any CPU
		{BEF03E76-89D3-4428-8FDD-EE55C45E9640}.Debug|Any CPU.ActiveCfg = Debug|Any CPU
		{BEF03E76-89D3-4428-8FDD-EE55C45E9640}.Debug|Any CPU.Build.0 = Debug|Any CPU
		{BEF03E76-89D3-4428-8FDD-EE55C45E9640}.DebugNet40|Any CPU.ActiveCfg = Debug|Any CPU
		{BEF03E76-89D3-4428-8FDD-EE55C45E9640}.DebugNet40|Any CPU.Build.0 = Debug|Any CPU
		{BEF03E76-89D3-4428-8FDD-EE55C45E9640}.Release|Any CPU.ActiveCfg = Release|Any CPU
		{BEF03E76-89D3-4428-8FDD-EE55C45E9640}.Release|Any CPU.Build.0 = Release|Any CPU
		{BEF03E76-89D3-4428-8FDD-EE55C45E9640}.ReleaseNet40|Any CPU.ActiveCfg = Release|Any CPU
		{BEF03E76-89D3-4428-8FDD-EE55C45E9640}.ReleaseNet40|Any CPU.Build.0 = Release|Any CPU
		{9758DEF4-F462-43BC-8E0E-2403E0AC05D6}.Debug|Any CPU.ActiveCfg = Debug|Any CPU
		{9758DEF4-F462-43BC-8E0E-2403E0AC05D6}.Debug|Any CPU.Build.0 = Debug|Any CPU
		{9758DEF4-F462-43BC-8E0E-2403E0AC05D6}.DebugNet40|Any CPU.ActiveCfg = Debug|Any CPU
		{9758DEF4-F462-43BC-8E0E-2403E0AC05D6}.DebugNet40|Any CPU.Build.0 = Debug|Any CPU
		{9758DEF4-F462-43BC-8E0E-2403E0AC05D6}.Release|Any CPU.ActiveCfg = Release|Any CPU
		{9758DEF4-F462-43BC-8E0E-2403E0AC05D6}.Release|Any CPU.Build.0 = Release|Any CPU
		{9758DEF4-F462-43BC-8E0E-2403E0AC05D6}.ReleaseNet40|Any CPU.ActiveCfg = Release|Any CPU
		{9758DEF4-F462-43BC-8E0E-2403E0AC05D6}.ReleaseNet40|Any CPU.Build.0 = Release|Any CPU
		{F3D330D1-696B-495A-A308-CE5BCA1E022E}.Debug|Any CPU.ActiveCfg = Debug|Any CPU
		{F3D330D1-696B-495A-A308-CE5BCA1E022E}.Debug|Any CPU.Build.0 = Debug|Any CPU
		{F3D330D1-696B-495A-A308-CE5BCA1E022E}.DebugNet40|Any CPU.ActiveCfg = Debug|Any CPU
		{F3D330D1-696B-495A-A308-CE5BCA1E022E}.DebugNet40|Any CPU.Build.0 = Debug|Any CPU
		{F3D330D1-696B-495A-A308-CE5BCA1E022E}.Release|Any CPU.ActiveCfg = Release|Any CPU
		{F3D330D1-696B-495A-A308-CE5BCA1E022E}.Release|Any CPU.Build.0 = Release|Any CPU
		{F3D330D1-696B-495A-A308-CE5BCA1E022E}.ReleaseNet40|Any CPU.ActiveCfg = Release|Any CPU
		{F3D330D1-696B-495A-A308-CE5BCA1E022E}.ReleaseNet40|Any CPU.Build.0 = Release|Any CPU
		{EE8C5DB1-9A10-48AD-A9B4-FC9C452CD8AF}.Debug|Any CPU.ActiveCfg = Debug|Any CPU
		{EE8C5DB1-9A10-48AD-A9B4-FC9C452CD8AF}.Debug|Any CPU.Build.0 = Debug|Any CPU
		{EE8C5DB1-9A10-48AD-A9B4-FC9C452CD8AF}.DebugNet40|Any CPU.ActiveCfg = Debug|Any CPU
		{EE8C5DB1-9A10-48AD-A9B4-FC9C452CD8AF}.DebugNet40|Any CPU.Build.0 = Debug|Any CPU
		{EE8C5DB1-9A10-48AD-A9B4-FC9C452CD8AF}.Release|Any CPU.ActiveCfg = Release|Any CPU
		{EE8C5DB1-9A10-48AD-A9B4-FC9C452CD8AF}.Release|Any CPU.Build.0 = Release|Any CPU
		{EE8C5DB1-9A10-48AD-A9B4-FC9C452CD8AF}.ReleaseNet40|Any CPU.ActiveCfg = Release|Any CPU
		{EE8C5DB1-9A10-48AD-A9B4-FC9C452CD8AF}.ReleaseNet40|Any CPU.Build.0 = Release|Any CPU
		{7E195D78-C4E5-4DF9-B7E2-8FB185194745}.Debug|Any CPU.ActiveCfg = Debug|Any CPU
		{7E195D78-C4E5-4DF9-B7E2-8FB185194745}.Debug|Any CPU.Build.0 = Debug|Any CPU
		{7E195D78-C4E5-4DF9-B7E2-8FB185194745}.DebugNet40|Any CPU.ActiveCfg = Debug|Any CPU
		{7E195D78-C4E5-4DF9-B7E2-8FB185194745}.DebugNet40|Any CPU.Build.0 = Debug|Any CPU
		{7E195D78-C4E5-4DF9-B7E2-8FB185194745}.Release|Any CPU.ActiveCfg = Release|Any CPU
		{7E195D78-C4E5-4DF9-B7E2-8FB185194745}.Release|Any CPU.Build.0 = Release|Any CPU
		{7E195D78-C4E5-4DF9-B7E2-8FB185194745}.ReleaseNet40|Any CPU.ActiveCfg = Release|Any CPU
		{7E195D78-C4E5-4DF9-B7E2-8FB185194745}.ReleaseNet40|Any CPU.Build.0 = Release|Any CPU
		{ED0EBDF0-1E86-4AF0-A864-5D707B5636DA}.Debug|Any CPU.ActiveCfg = Debug|Any CPU
		{ED0EBDF0-1E86-4AF0-A864-5D707B5636DA}.Debug|Any CPU.Build.0 = Debug|Any CPU
		{ED0EBDF0-1E86-4AF0-A864-5D707B5636DA}.DebugNet40|Any CPU.ActiveCfg = Debug|Any CPU
		{ED0EBDF0-1E86-4AF0-A864-5D707B5636DA}.DebugNet40|Any CPU.Build.0 = Debug|Any CPU
		{ED0EBDF0-1E86-4AF0-A864-5D707B5636DA}.Release|Any CPU.ActiveCfg = Release|Any CPU
		{ED0EBDF0-1E86-4AF0-A864-5D707B5636DA}.Release|Any CPU.Build.0 = Release|Any CPU
		{ED0EBDF0-1E86-4AF0-A864-5D707B5636DA}.ReleaseNet40|Any CPU.ActiveCfg = Release|Any CPU
		{ED0EBDF0-1E86-4AF0-A864-5D707B5636DA}.ReleaseNet40|Any CPU.Build.0 = Release|Any CPU
		{219D2ADF-CB1E-47C4-A42E-6BA467252F32}.Debug|Any CPU.ActiveCfg = Debug|Any CPU
		{219D2ADF-CB1E-47C4-A42E-6BA467252F32}.Debug|Any CPU.Build.0 = Debug|Any CPU
		{219D2ADF-CB1E-47C4-A42E-6BA467252F32}.DebugNet40|Any CPU.ActiveCfg = Debug|Any CPU
		{219D2ADF-CB1E-47C4-A42E-6BA467252F32}.DebugNet40|Any CPU.Build.0 = Debug|Any CPU
		{219D2ADF-CB1E-47C4-A42E-6BA467252F32}.Release|Any CPU.ActiveCfg = Release|Any CPU
		{219D2ADF-CB1E-47C4-A42E-6BA467252F32}.Release|Any CPU.Build.0 = Release|Any CPU
		{219D2ADF-CB1E-47C4-A42E-6BA467252F32}.ReleaseNet40|Any CPU.ActiveCfg = Release|Any CPU
		{219D2ADF-CB1E-47C4-A42E-6BA467252F32}.ReleaseNet40|Any CPU.Build.0 = Release|Any CPU
		{001F9D7D-AE5D-4334-BACF-86309274EE52}.Debug|Any CPU.ActiveCfg = Debug|Any CPU
		{001F9D7D-AE5D-4334-BACF-86309274EE52}.Debug|Any CPU.Build.0 = Debug|Any CPU
		{001F9D7D-AE5D-4334-BACF-86309274EE52}.DebugNet40|Any CPU.ActiveCfg = Debug|Any CPU
		{001F9D7D-AE5D-4334-BACF-86309274EE52}.DebugNet40|Any CPU.Build.0 = Debug|Any CPU
		{001F9D7D-AE5D-4334-BACF-86309274EE52}.Release|Any CPU.ActiveCfg = Release|Any CPU
		{001F9D7D-AE5D-4334-BACF-86309274EE52}.Release|Any CPU.Build.0 = Release|Any CPU
		{001F9D7D-AE5D-4334-BACF-86309274EE52}.ReleaseNet40|Any CPU.ActiveCfg = Release|Any CPU
		{001F9D7D-AE5D-4334-BACF-86309274EE52}.ReleaseNet40|Any CPU.Build.0 = Release|Any CPU
		{A6E52123-0333-4F1C-B1EE-1D8F3CD7A414}.Debug|Any CPU.ActiveCfg = Debug|Any CPU
		{A6E52123-0333-4F1C-B1EE-1D8F3CD7A414}.Debug|Any CPU.Build.0 = Debug|Any CPU
		{A6E52123-0333-4F1C-B1EE-1D8F3CD7A414}.DebugNet40|Any CPU.ActiveCfg = Debug|Any CPU
		{A6E52123-0333-4F1C-B1EE-1D8F3CD7A414}.DebugNet40|Any CPU.Build.0 = Debug|Any CPU
		{A6E52123-0333-4F1C-B1EE-1D8F3CD7A414}.Release|Any CPU.ActiveCfg = Release|Any CPU
		{A6E52123-0333-4F1C-B1EE-1D8F3CD7A414}.Release|Any CPU.Build.0 = Release|Any CPU
		{A6E52123-0333-4F1C-B1EE-1D8F3CD7A414}.ReleaseNet40|Any CPU.ActiveCfg = Release|Any CPU
		{A6E52123-0333-4F1C-B1EE-1D8F3CD7A414}.ReleaseNet40|Any CPU.Build.0 = Release|Any CPU
	EndGlobalSection
	GlobalSection(SolutionProperties) = preSolution
		HideSolutionNode = FALSE
	EndGlobalSection
	GlobalSection(NestedProjects) = preSolution
		{A56415B8-9C31-48EE-9BD5-FE73D6D42319} = {0CF0BB87-3890-4A93-98EC-CB7FCC9DBD3F}
		{8145996E-9C4D-4A8C-8207-D3B4E7FF6D6B} = {7A503B1F-5613-4DCA-858F-B560A30D74DB}
		{72FF5ECC-A90F-4CD4-A9EF-A6B7A4A90625} = {0CF0BB87-3890-4A93-98EC-CB7FCC9DBD3F}
		{BEF03E76-89D3-4428-8FDD-EE55C45E9640} = {405BC70A-603A-4713-98DC-FB74FD7C4192}
		{9758DEF4-F462-43BC-8E0E-2403E0AC05D6} = {CD8ECF06-E240-4668-8E0F-4CF88E7B7ED9}
		{F3D330D1-696B-495A-A308-CE5BCA1E022E} = {CD8ECF06-E240-4668-8E0F-4CF88E7B7ED9}
		{EE8C5DB1-9A10-48AD-A9B4-FC9C452CD8AF} = {CD8ECF06-E240-4668-8E0F-4CF88E7B7ED9}
		{219D2ADF-CB1E-47C4-A42E-6BA467252F32} = {7A503B1F-5613-4DCA-858F-B560A30D74DB}
		{001F9D7D-AE5D-4334-BACF-86309274EE52} = {405BC70A-603A-4713-98DC-FB74FD7C4192}
		{A6E52123-0333-4F1C-B1EE-1D8F3CD7A414} = {0CF0BB87-3890-4A93-98EC-CB7FCC9DBD3F}
	EndGlobalSection
EndGlobal
