
Microsoft Visual Studio Solution File, Format Version 12.00
# Visual Studio 14
VisualStudioVersion = 14.0.23107.0
MinimumVisualStudioVersion = 10.0.40219.1
Project("{2150E333-8FDC-42A3-9474-1A3956D46DE8}") = "Repository", "Repository", "{0CF0BB87-3890-4A93-98EC-CB7FCC9DBD3F}"
EndProject
Project("{2150E333-8FDC-42A3-9474-1A3956D46DE8}") = "Service", "Service", "{405BC70A-603A-4713-98DC-FB74FD7C4192}"
EndProject
Project("{2150E333-8FDC-42A3-9474-1A3956D46DE8}") = "Model", "Model", "{7A503B1F-5613-4DCA-858F-B560A30D74DB}"
EndProject
Project("{FAE04EC0-301F-11D3-BF4B-00C04F79EFBC}") = "MFP.Repository.BGSystem", "MFP.Repository.BGSystem\MFP.Repository.BGSystem.csproj", "{A56415B8-9C31-48EE-9BD5-FE73D6D42319}"
EndProject
Project("{FAE04EC0-301F-11D3-BF4B-00C04F79EFBC}") = "MFP.WebUI", "MFP.WebUI\MFP.WebUI.csproj", "{CA7D011A-6565-4470-9ADD-CE816E4FDF2B}"
EndProject
Project("{FAE04EC0-301F-11D3-BF4B-00C04F79EFBC}") = "MFP.Model.BGSystem", "MFP.Model.BGSystem\MFP.Model.BGSystem.csproj", "{8145996E-9C4D-4A8C-8207-D3B4E7FF6D6B}"
EndProject
Project("{FAE04EC0-301F-11D3-BF4B-00C04F79EFBC}") = "MFP.Repository.DBA", "MFP.Repository.DBA\MFP.Repository.DBA.csproj", "{72FF5ECC-A90F-4CD4-A9EF-A6B7A4A90625}"
EndProject
Project("{FAE04EC0-301F-11D3-BF4B-00C04F79EFBC}") = "MFP.Service.BGSystem", "MFP.Service.BGSystem\MFP.Service.BGSystem.csproj", "{BEF03E76-89D3-4428-8FDD-EE55C45E9640}"
EndProject
Global
	GlobalSection(SolutionConfigurationPlatforms) = preSolution
		Debug|Any CPU = Debug|Any CPU
		DebugNet40|Any CPU = DebugNet40|Any CPU
		Release|Any CPU = Release|Any CPU
		ReleaseNet40|Any CPU = ReleaseNet40|Any CPU
	EndGlobalSection
	GlobalSection(ProjectConfigurationPlatforms) = postSolution
		{A56415B8-9C31-48EE-9BD5-FE73D6D42319}.Debug|Any CPU.ActiveCfg = Debug|Any CPU
		{A56415B8-9C31-48EE-9BD5-FE73D6D42319}.Debug|Any CPU.Build.0 = Debug|Any CPU
		{A56415B8-9C31-48EE-9BD5-FE73D6D42319}.DebugNet40|Any CPU.ActiveCfg = Debug|Any CPU
		{A56415B8-9C31-48EE-9BD5-FE73D6D42319}.DebugNet40|Any CPU.Build.0 = Debug|Any CPU
		{A56415B8-9C31-48EE-9BD5-FE73D6D42319}.Release|Any CPU.ActiveCfg = Release|Any CPU
		{A56415B8-9C31-48EE-9BD5-FE73D6D42319}.Release|Any CPU.Build.0 = Release|Any CPU
		{A56415B8-9C31-48EE-9BD5-FE73D6D42319}.ReleaseNet40|Any CPU.ActiveCfg = Release|Any CPU
		{A56415B8-9C31-48EE-9BD5-FE73D6D42319}.ReleaseNet40|Any CPU.Build.0 = Release|Any CPU
		{CA7D011A-6565-4470-9ADD-CE816E4FDF2B}.Debug|Any CPU.ActiveCfg = Debug|Any CPU
		{CA7D011A-6565-4470-9ADD-CE816E4FDF2B}.Debug|Any CPU.Build.0 = Debug|Any CPU
		{CA7D011A-6565-4470-9ADD-CE816E4FDF2B}.DebugNet40|Any CPU.ActiveCfg = Debug|Any CPU
		{CA7D011A-6565-4470-9ADD-CE816E4FDF2B}.DebugNet40|Any CPU.Build.0 = Debug|Any CPU
		{CA7D011A-6565-4470-9ADD-CE816E4FDF2B}.Release|Any CPU.ActiveCfg = Release|Any CPU
		{CA7D011A-6565-4470-9ADD-CE816E4FDF2B}.Release|Any CPU.Build.0 = Release|Any CPU
		{CA7D011A-6565-4470-9ADD-CE816E4FDF2B}.ReleaseNet40|Any CPU.ActiveCfg = Release|Any CPU
		{CA7D011A-6565-4470-9ADD-CE816E4FDF2B}.ReleaseNet40|Any CPU.Build.0 = Release|Any CPU
		{8145996E-9C4D-4A8C-8207-D3B4E7FF6D6B}.Debug|Any CPU.ActiveCfg = Debug|Any CPU
		{8145996E-9C4D-4A8C-8207-D3B4E7FF6D6B}.Debug|Any CPU.Build.0 = Debug|Any CPU
		{8145996E-9C4D-4A8C-8207-D3B4E7FF6D6B}.DebugNet40|Any CPU.ActiveCfg = Debug|Any CPU
		{8145996E-9C4D-4A8C-8207-D3B4E7FF6D6B}.DebugNet40|Any CPU.Build.0 = Debug|Any CPU
		{8145996E-9C4D-4A8C-8207-D3B4E7FF6D6B}.Release|Any CPU.ActiveCfg = Release|Any CPU
		{8145996E-9C4D-4A8C-8207-D3B4E7FF6D6B}.Release|Any CPU.Build.0 = Release|Any CPU
		{8145996E-9C4D-4A8C-8207-D3B4E7FF6D6B}.ReleaseNet40|Any CPU.ActiveCfg = Release|Any CPU
		{8145996E-9C4D-4A8C-8207-D3B4E7FF6D6B}.ReleaseNet40|Any CPU.Build.0 = Release|Any CPU
		{72FF5ECC-A90F-4CD4-A9EF-A6B7A4A90625}.Debug|Any CPU.ActiveCfg = Debug|Any CPU
		{72FF5ECC-A90F-4CD4-A9EF-A6B7A4A90625}.Debug|Any CPU.Build.0 = Debug|Any CPU
		{72FF5ECC-A90F-4CD4-A9EF-A6B7A4A90625}.DebugNet40|Any CPU.ActiveCfg = Debug|Any CPU
		{72FF5ECC-A90F-4CD4-A9EF-A6B7A4A90625}.DebugNet40|Any CPU.Build.0 = Debug|Any CPU
		{72FF5ECC-A90F-4CD4-A9EF-A6B7A4A90625}.Release|Any CPU.ActiveCfg = Release|Any CPU
		{72FF5ECC-A90F-4CD4-A9EF-A6B7A4A90625}.Release|Any CPU.Build.0 = Release|Any CPU
		{72FF5ECC-A90F-4CD4-A9EF-A6B7A4A90625}.ReleaseNet40|Any CPU.ActiveCfg = Release|Any CPU
		{72FF5ECC-A90F-4CD4-A9EF-A6B7A4A90625}.ReleaseNet40|Any CPU.Build.0 = Release|Any CPU
		{BEF03E76-89D3-4428-8FDD-EE55C45E9640}.Debug|Any CPU.ActiveCfg = Debug|Any CPU
		{BEF03E76-89D3-4428-8FDD-EE55C45E9640}.Debug|Any CPU.Build.0 = Debug|Any CPU
		{BEF03E76-89D3-4428-8FDD-EE55C45E9640}.DebugNet40|Any CPU.ActiveCfg = Debug|Any CPU
		{BEF03E76-89D3-4428-8FDD-EE55C45E9640}.DebugNet40|Any CPU.Build.0 = Debug|Any CPU
		{BEF03E76-89D3-4428-8FDD-EE55C45E9640}.Release|Any CPU.ActiveCfg = Release|Any CPU
		{BEF03E76-89D3-4428-8FDD-EE55C45E9640}.Release|Any CPU.Build.0 = Release|Any CPU
		{BEF03E76-89D3-4428-8FDD-EE55C45E9640}.ReleaseNet40|Any CPU.ActiveCfg = Release|Any CPU
		{BEF03E76-89D3-4428-8FDD-EE55C45E9640}.ReleaseNet40|Any CPU.Build.0 = Release|Any CPU
	EndGlobalSection
	GlobalSection(SolutionProperties) = preSolution
		HideSolutionNode = FALSE
	EndGlobalSection
	GlobalSection(NestedProjects) = preSolution
		{A56415B8-9C31-48EE-9BD5-FE73D6D42319} = {0CF0BB87-3890-4A93-98EC-CB7FCC9DBD3F}
		{8145996E-9C4D-4A8C-8207-D3B4E7FF6D6B} = {7A503B1F-5613-4DCA-858F-B560A30D74DB}
		{72FF5ECC-A90F-4CD4-A9EF-A6B7A4A90625} = {0CF0BB87-3890-4A93-98EC-CB7FCC9DBD3F}
		{BEF03E76-89D3-4428-8FDD-EE55C45E9640} = {405BC70A-603A-4713-98DC-FB74FD7C4192}
	EndGlobalSection
EndGlobal
